// !$*UTF8*$!
{
	archiveVersion = 1;
	classes = {
	};
	objectVersion = 56;
	objects = {

/* Begin PBXBuildFile section */
		5976E3CB299B0BB000DB5427 /* AutoScrollingApp.swift in Sources */ = {isa = PBXBuildFile; fileRef = 5976E3CA299B0BB000DB5427 /* AutoScrollingApp.swift */; };
		5976E3CD299B0BB000DB5427 /* ContentView.swift in Sources */ = {isa = PBXBuildFile; fileRef = 5976E3CC299B0BB000DB5427 /* ContentView.swift */; };
		5976E3CF299B0BB100DB5427 /* Assets.xcassets in Resources */ = {isa = PBXBuildFile; fileRef = 5976E3CE299B0BB100DB5427 /* Assets.xcassets */; };
		5976E3D2299B0BB100DB5427 /* Preview Assets.xcassets in Resources */ = {isa = PBXBuildFile; fileRef = 5976E3D1299B0BB100DB5427 /* Preview Assets.xcassets */; };
		5976E3DC299B0C3300DB5427 /* Product.swift in Sources */ = {isa = PBXBuildFile; fileRef = 5976E3DB299B0C3300DB5427 /* Product.swift */; };
		5976E3DE299B0CC500DB5427 /* Home.swift in Sources */ = {isa = PBXBuildFile; fileRef = 5976E3DD299B0CC500DB5427 /* Home.swift */; };
		5976E3E0299B237F00DB5427 /* Extensions.swift in Sources */ = {isa = PBXBuildFile; fileRef = 5976E3DF299B237F00DB5427 /* Extensions.swift */; };
/* End PBXBuildFile section */

/* Begin PBXFileReference section */
		5976E3C7299B0BB000DB5427 /* AutoScrolling.app */ = {isa = PBXFileReference; explicitFileType = wrapper.application; includeInIndex = 0; path = AutoScrolling.app; sourceTree = BUILT_PRODUCTS_DIR; };
		5976E3CA299B0BB000DB5427 /* AutoScrollingApp.swift */ = {isa = PBXFileReference; lastKnownFileType = sourcecode.swift; path = AutoScrollingApp.swift; sourceTree = "<group>"; };
		5976E3CC299B0BB000DB5427 /* ContentView.swift */ = {isa = PBXFileReference; lastKnownFileType = sourcecode.swift; path = ContentView.swift; sourceTree = "<group>"; };
		5976E3CE299B0BB100DB5427 /* Assets.xcassets */ = {isa = PBXFileReference; lastKnownFileType = folder.assetcatalog; path = Assets.xcassets; sourceTree = "<group>"; };
		5976E3D1299B0BB100DB5427 /* Preview Assets.xcassets */ = {isa = PBXFileReference; lastKnownFileType = folder.assetcatalog; path = "Preview Assets.xcassets"; sourceTree = "<group>"; };
		5976E3DB299B0C3300DB5427 /* Product.swift */ = {isa = PBXFileReference; lastKnownFileType = sourcecode.swift; path = Product.swift; sourceTree = "<group>"; };
		5976E3DD299B0CC500DB5427 /* Home.swift */ = {isa = PBXFileReference; lastKnownFileType = sourcecode.swift; path = Home.swift; sourceTree = "<group>"; };
		5976E3DF299B237F00DB5427 /* Extensions.swift */ = {isa = PBXFileReference; lastKnownFileType = sourcecode.swift; path = Extensions.swift; sourceTree = "<group>"; };
/* End PBXFileReference section */

/* Begin PBXFrameworksBuildPhase section */
		5976E3C4299B0BB000DB5427 /* Frameworks */ = {
			isa = PBXFrameworksBuildPhase;
			buildActionMask = 2147483647;
			files = (
			);
			runOnlyForDeploymentPostprocessing = 0;
		};
/* End PBXFrameworksBuildPhase section */

/* Begin PBXGroup section */
		5976E3BE299B0BB000DB5427 = {
			isa = PBXGroup;
			children = (
				5976E3C9299B0BB000DB5427 /* AutoScrolling */,
				5976E3C8299B0BB000DB5427 /* Products */,
			);
			sourceTree = "<group>";
		};
		5976E3C8299B0BB000DB5427 /* Products */ = {
			isa = PBXGroup;
			children = (
				5976E3C7299B0BB000DB5427 /* AutoScrolling.app */,
			);
			name = Products;
			sourceTree = "<group>";
		};
		5976E3C9299B0BB000DB5427 /* AutoScrolling */ = {
			isa = PBXGroup;
			children = (
				5976E3DA299B0C0000DB5427 /* Helpers */,
				5976E3D9299B0BF900DB5427 /* View */,
				5976E3D8299B0BF200DB5427 /* Model */,
				5976E3CA299B0BB000DB5427 /* AutoScrollingApp.swift */,
				5976E3CC299B0BB000DB5427 /* ContentView.swift */,
				5976E3CE299B0BB100DB5427 /* Assets.xcassets */,
				5976E3D0299B0BB100DB5427 /* Preview Content */,
			);
			path = AutoScrolling;
			sourceTree = "<group>";
		};
		5976E3D0299B0BB100DB5427 /* Preview Content */ = {
			isa = PBXGroup;
			children = (
				5976E3D1299B0BB100DB5427 /* Preview Assets.xcassets */,
			);
			path = "Preview Content";
			sourceTree = "<group>";
		};
		5976E3D8299B0BF200DB5427 /* Model */ = {
			isa = PBXGroup;
			children = (
				5976E3DB299B0C3300DB5427 /* Product.swift */,
			);
			path = Model;
			sourceTree = "<group>";
		};
		5976E3D9299B0BF900DB5427 /* View */ = {
			isa = PBXGroup;
			children = (
				5976E3DD299B0CC500DB5427 /* Home.swift */,
			);
			path = View;
			sourceTree = "<group>";
		};
		5976E3DA299B0C0000DB5427 /* Helpers */ = {
			isa = PBXGroup;
			children = (
				5976E3DF299B237F00DB5427 /* Extensions.swift */,
			);
			path = Helpers;
			sourceTree = "<group>";
		};
/* End PBXGroup section */

/* Begin PBXNativeTarget section */
		5976E3C6299B0BB000DB5427 /* AutoScrolling */ = {
			isa = PBXNativeTarget;
			buildConfigurationList = 5976E3D5299B0BB100DB5427 /* Build configuration list for PBXNativeTarget "AutoScrolling" */;
			buildPhases = (
				5976E3C3299B0BB000DB5427 /* Sources */,
				5976E3C4299B0BB000DB5427 /* Frameworks */,
				5976E3C5299B0BB000DB5427 /* Resources */,
			);
			buildRules = (
			);
			dependencies = (
			);
			name = AutoScrolling;
			productName = AutoScrolling;
			productReference = 5976E3C7299B0BB000DB5427 /* AutoScrolling.app */;
			productType = "com.apple.product-type.application";
		};
/* End PBXNativeTarget section */

/* Begin PBXProject section */
		5976E3BF299B0BB000DB5427 /* Project object */ = {
			isa = PBXProject;
			attributes = {
				BuildIndependentTargetsInParallel = 1;
				LastSwiftUpdateCheck = 1420;
				LastUpgradeCheck = 1420;
				TargetAttributes = {
					5976E3C6299B0BB000DB5427 = {
						CreatedOnToolsVersion = 14.2;
					};
				};
			};
			buildConfigurationList = 5976E3C2299B0BB000DB5427 /* Build configuration list for PBXProject "AutoScrolling" */;
			compatibilityVersion = "Xcode 14.0";
			developmentRegion = en;
			hasScannedForEncodings = 0;
			knownRegions = (
				en,
				Base,
			);
			mainGroup = 5976E3BE299B0BB000DB5427;
			productRefGroup = 5976E3C8299B0BB000DB5427 /* Products */;
			projectDirPath = "";
			projectRoot = "";
			targets = (
				5976E3C6299B0BB000DB5427 /* AutoScrolling */,
			);
		};
/* End PBXProject section */

/* Begin PBXResourcesBuildPhase section */
		5976E3C5299B0BB000DB5427 /* Resources */ = {
			isa = PBXResourcesBuildPhase;
			buildActionMask = 2147483647;
			files = (
				5976E3D2299B0BB100DB5427 /* Preview Assets.xcassets in Resources */,
				5976E3CF299B0BB100DB5427 /* Assets.xcassets in Resources */,
			);
			runOnlyForDeploymentPostprocessing = 0;
		};
/* End PBXResourcesBuildPhase section */

/* Begin PBXSourcesBuildPhase section */
		5976E3C3299B0BB000DB5427 /* Sources */ = {
			isa = PBXSourcesBuildPhase;
			buildActionMask = 2147483647;
			files = (
				5976E3E0299B237F00DB5427 /* Extensions.swift in Sources */,
				5976E3CD299B0BB000DB5427 /* ContentView.swift in Sources */,
				5976E3CB299B0BB000DB5427 /* AutoScrollingApp.swift in Sources */,
				5976E3DE299B0CC500DB5427 /* Home.swift in Sources */,
				5976E3DC299B0C3300DB5427 /* Product.swift in Sources */,
			);
			runOnlyForDeploymentPostprocessing = 0;
		};
/* End PBXSourcesBuildPhase section */

/* Begin XCBuildConfiguration section */
		5976E3D3299B0BB100DB5427 /* Debug */ = {
			isa = XCBuildConfiguration;
			buildSettings = {
				ALWAYS_SEARCH_USER_PATHS = NO;
				CLANG_ANALYZER_NONNULL = YES;
				CLANG_ANALYZER_NUMBER_OBJECT_CONVERSION = YES_AGGRESSIVE;
				CLANG_CXX_LANGUAGE_STANDARD = "gnu++20";
				CLANG_ENABLE_MODULES = YES;
				CLANG_ENABLE_OBJC_ARC = YES;
				CLANG_ENABLE_OBJC_WEAK = YES;
				CLANG_WARN_BLOCK_CAPTURE_AUTORELEASING = YES;
				CLANG_WARN_BOOL_CONVERSION = YES;
				CLANG_WARN_COMMA = YES;
				CLANG_WARN_CONSTANT_CONVERSION = YES;
				CLANG_WARN_DEPRECATED_OBJC_IMPLEMENTATIONS = YES;
				CLANG_WARN_DIRECT_OBJC_ISA_USAGE = YES_ERROR;
				CLANG_WARN_DOCUMENTATION_COMMENTS = YES;
				CLANG_WARN_EMPTY_BODY = YES;
				CLANG_WARN_ENUM_CONVERSION = YES;
				CLANG_WARN_INFINITE_RECURSION = YES;
				CLANG_WARN_INT_CONVERSION = YES;
				CLANG_WARN_NON_LITERAL_NULL_CONVERSION = YES;
				CLANG_WARN_OBJC_IMPLICIT_RETAIN_SELF = YES;
				CLANG_WARN_OBJC_LITERAL_CONVERSION = YES;
				CLANG_WARN_OBJC_ROOT_CLASS = YES_ERROR;
				CLANG_WARN_QUOTED_INCLUDE_IN_FRAMEWORK_HEADER = YES;
				CLANG_WARN_RANGE_LOOP_ANALYSIS = YES;
				CLANG_WARN_STRICT_PROTOTYPES = YES;
				CLANG_WARN_SUSPICIOUS_MOVE = YES;
				CLANG_WARN_UNGUARDED_AVAILABILITY = YES_AGGRESSIVE;
				CLANG_WARN_UNREACHABLE_CODE = YES;
				CLANG_WARN__DUPLICATE_METHOD_MATCH = YES;
				COPY_PHASE_STRIP = NO;
				DEBUG_INFORMATION_FORMAT = dwarf;
				ENABLE_STRICT_OBJC_MSGSEND = YES;
				ENABLE_TESTABILITY = YES;
				GCC_C_LANGUAGE_STANDARD = gnu11;
				GCC_DYNAMIC_NO_PIC = NO;
				GCC_NO_COMMON_BLOCKS = YES;
				GCC_OPTIMIZATION_LEVEL = 0;
				GCC_PREPROCESSOR_DEFINITIONS = (
					"DEBUG=1",
					"$(inherited)",
				);
				GCC_WARN_64_TO_32_BIT_CONVERSION = YES;
				GCC_WARN_ABOUT_RETURN_TYPE = YES_ERROR;
				GCC_WARN_UNDECLARED_SELECTOR = YES;
				GCC_WARN_UNINITIALIZED_AUTOS = YES_AGGRESSIVE;
				GCC_WARN_UNUSED_FUNCTION = YES;
				GCC_WARN_UNUSED_VARIABLE = YES;
				IPHONEOS_DEPLOYMENT_TARGET = 16.2;
				MTL_ENABLE_DEBUG_INFO = INCLUDE_SOURCE;
				MTL_FAST_MATH = YES;
				ONLY_ACTIVE_ARCH = YES;
				SDKROOT = iphoneos;
				SWIFT_ACTIVE_COMPILATION_CONDITIONS = DEBUG;
				SWIFT_OPTIMIZATION_LEVEL = "-Onone";
			};
			name = Debug;
		};
		5976E3D4299B0BB100DB5427 /* Release */ = {
			isa = XCBuildConfiguration;
			buildSettings = {
				ALWAYS_SEARCH_USER_PATHS = NO;
				CLANG_ANALYZER_NONNULL = YES;
				CLANG_ANALYZER_NUMBER_OBJECT_CONVERSION = YES_AGGRESSIVE;
				CLANG_CXX_LANGUAGE_STANDARD = "gnu++20";
				CLANG_ENABLE_MODULES = YES;
				CLANG_ENABLE_OBJC_ARC = YES;
				CLANG_ENABLE_OBJC_WEAK = YES;
				CLANG_WARN_BLOCK_CAPTURE_AUTORELEASING = YES;
				CLANG_WARN_BOOL_CONVERSION = YES;
				CLANG_WARN_COMMA = YES;
				CLANG_WARN_CONSTANT_CONVERSION = YES;
				CLANG_WARN_DEPRECATED_OBJC_IMPLEMENTATIONS = YES;
				CLANG_WARN_DIRECT_OBJC_ISA_USAGE = YES_ERROR;
				CLANG_WARN_DOCUMENTATION_COMMENTS = YES;
				CLANG_WARN_EMPTY_BODY = YES;
				CLANG_WARN_ENUM_CONVERSION = YES;
				CLANG_WARN_INFINITE_RECURSION = YES;
				CLANG_WARN_INT_CONVERSION = YES;
				CLANG_WARN_NON_LITERAL_NULL_CONVERSION = YES;
				CLANG_WARN_OBJC_IMPLICIT_RETAIN_SELF = YES;
				CLANG_WARN_OBJC_LITERAL_CONVERSION = YES;
				CLANG_WARN_OBJC_ROOT_CLASS = YES_ERROR;
				CLANG_WARN_QUOTED_INCLUDE_IN_FRAMEWORK_HEADER = YES;
				CLANG_WARN_RANGE_LOOP_ANALYSIS = YES;
				CLANG_WARN_STRICT_PROTOTYPES = YES;
				CLANG_WARN_SUSPICIOUS_MOVE = YES;
				CLANG_WARN_UNGUARDED_AVAILABILITY = YES_AGGRESSIVE;
				CLANG_WARN_UNREACHABLE_CODE = YES;
				CLANG_WARN__DUPLICATE_METHOD_MATCH = YES;
				COPY_PHASE_STRIP = NO;
				DEBUG_INFORMATION_FORMAT = "dwarf-with-dsym";
				ENABLE_NS_ASSERTIONS = NO;
				ENABLE_STRICT_OBJC_MSGSEND = YES;
				GCC_C_LANGUAGE_STANDARD = gnu11;
				GCC_NO_COMMON_BLOCKS = YES;
				GCC_WARN_64_TO_32_BIT_CONVERSION = YES;
				GCC_WARN_ABOUT_RETURN_TYPE = YES_ERROR;
				GCC_WARN_UNDECLARED_SELECTOR = YES;
				GCC_WARN_UNINITIALIZED_AUTOS = YES_AGGRESSIVE;
				GCC_WARN_UNUSED_FUNCTION = YES;
				GCC_WARN_UNUSED_VARIABLE = YES;
				IPHONEOS_DEPLOYMENT_TARGET = 16.2;
				MTL_ENABLE_DEBUG_INFO = NO;
				MTL_FAST_MATH = YES;
				SDKROOT = iphoneos;
				SWIFT_COMPILATION_MODE = wholemodule;
				SWIFT_OPTIMIZATION_LEVEL = "-O";
				VALIDATE_PRODUCT = YES;
			};
			name = Release;
		};
		5976E3D6299B0BB100DB5427 /* Debug */ = {
			isa = XCBuildConfiguration;
			buildSettings = {
				ASSETCATALOG_COMPILER_APPICON_NAME = AppIcon;
				ASSETCATALOG_COMPILER_GLOBAL_ACCENT_COLOR_NAME = AccentColor;
				CODE_SIGN_STYLE = Automatic;
				CURRENT_PROJECT_VERSION = 1;
				DEVELOPMENT_ASSET_PATHS = "\"AutoScrolling/Preview Content\"";
				DEVELOPMENT_TEAM = 6L3HP4P3TC;
				ENABLE_PREVIEWS = YES;
				GENERATE_INFOPLIST_FILE = YES;
				INFOPLIST_KEY_UIApplicationSceneManifest_Generation = YES;
				INFOPLIST_KEY_UIApplicationSupportsIndirectInputEvents = YES;
				INFOPLIST_KEY_UILaunchScreen_Generation = YES;
				INFOPLIST_KEY_UISupportedInterfaceOrientations_iPad = "UIInterfaceOrientationPortrait UIInterfaceOrientationPortraitUpsideDown UIInterfaceOrientationLandscapeLeft UIInterfaceOrientationLandscapeRight";
				INFOPLIST_KEY_UISupportedInterfaceOrientations_iPhone = "UIInterfaceOrientationPortrait UIInterfaceOrientationLandscapeLeft UIInterfaceOrientationLandscapeRight";
				LD_RUNPATH_SEARCH_PATHS = (
					"$(inherited)",
					"@executable_path/Frameworks",
				);
				MARKETING_VERSION = 1.0;
				PRODUCT_BUNDLE_IDENTIFIER = com.project.AutoScrolling;
				PRODUCT_NAME = "$(TARGET_NAME)";
				SWIFT_EMIT_LOC_STRINGS = YES;
				SWIFT_VERSION = 5.0;
				TARGETED_DEVICE_FAMILY = "1,2";
			};
			name = Debug;
		};
		5976E3D7299B0BB100DB5427 /* Release */ = {
			isa = XCBuildConfiguration;
			buildSettings = {
				ASSETCATALOG_COMPILER_APPICON_NAME = AppIcon;
				ASSETCATALOG_COMPILER_GLOBAL_ACCENT_COLOR_NAME = AccentColor;
				CODE_SIGN_STYLE = Automatic;
				CURRENT_PROJECT_VERSION = 1;
				DEVELOPMENT_ASSET_PATHS = "\"AutoScrolling/Preview Content\"";
				DEVELOPMENT_TEAM = 6L3HP4P3TC;
				ENABLE_PREVIEWS = YES;
				GENERATE_INFOPLIST_FILE = YES;
				INFOPLIST_KEY_UIApplicationSceneManifest_Generation = YES;
				INFOPLIST_KEY_UIApplicationSupportsIndirectInputEvents = YES;
				INFOPLIST_KEY_UILaunchScreen_Generation = YES;
				INFOPLIST_KEY_UISupportedInterfaceOrientations_iPad = "UIInterfaceOrientationPortrait UIInterfaceOrientationPortraitUpsideDown UIInterfaceOrientationLandscapeLeft UIInterfaceOrientationLandscapeRight";
				INFOPLIST_KEY_UISupportedInterfaceOrientations_iPhone = "UIInterfaceOrientationPortrait UIInterfaceOrientationLandscapeLeft UIInterfaceOrientationLandscapeRight";
				LD_RUNPATH_SEARCH_PATHS = (
					"$(inherited)",
					"@executable_path/Frameworks",
				);
				MARKETING_VERSION = 1.0;
				PRODUCT_BUNDLE_IDENTIFIER = com.project.AutoScrolling;
				PRODUCT_NAME = "$(TARGET_NAME)";
				SWIFT_EMIT_LOC_STRINGS = YES;
				SWIFT_VERSION = 5.0;
				TARGETED_DEVICE_FAMILY = "1,2";
			};
			name = Release;
		};
/* End XCBuildConfiguration section */

/* Begin XCConfigurationList section */
		5976E3C2299B0BB000DB5427 /* Build configuration list for PBXProject "AutoScrolling" */ = {
			isa = XCConfigurationList;
			buildConfigurations = (
				5976E3D3299B0BB100DB5427 /* Debug */,
				5976E3D4299B0BB100DB5427 /* Release */,
			);
			defaultConfigurationIsVisible = 0;
			defaultConfigurationName = Release;
		};
		5976E3D5299B0BB100DB5427 /* Build configuration list for PBXNativeTarget "AutoScrolling" */ = {
			isa = XCConfigurationList;
			buildConfigurations = (
				5976E3D6299B0BB100DB5427 /* Debug */,
				5976E3D7299B0BB100DB5427 /* Release */,
			);
			defaultConfigurationIsVisible = 0;
			defaultConfigurationName = Release;
		};
/* End XCConfigurationList section */
	};
	rootObject = 5976E3BF299B0BB000DB5427 /* Project object */;
}
